{
  "originHash" : "121a46088255fc16eb1c3740c986a928b6f1a13c061580c00c17d3b858c67cef",
  "pins" : [
    {
      "identity" : "a2a-swift",
      "kind" : "remoteSourceControl",
      "location" : "https://github.com/BBC6BAE9/A2A-Swift",
      "state" : {
        "revision" : "62a2b556143cd1954cc5bbc733feaa4e0689bf1f",
        "version" : "1.0.0"
      }
    },
    {
      "identity" : "icu-mirror",
      "kind" : "remoteSourceControl",
      "location" : "https://github.com/swiftlang/swift-foundation-icu.git",
      "state" : {
        "branch" : "swift-6.3.1-RELEASE",
        "revision" : "2e2854eee567589ed44c5f3c85c7343e6d91978d"
      }
    },
    {
      "identity" : "swift-protobuf",
      "kind" : "remoteSourceControl",
      "location" : "https://github.com/apple/swift-protobuf.git",
      "state" : {
        "revision" : "a008af1a102ff3dd6cc3764bb69bf63226d0f5f6",
        "version" : "1.36.1"
      }
    }
  ],
  "version" : 3
}
